{
  "name": "ai-studio-applet",
  "version": "0.1.0",
  "lockfileVersion": 3,
  "requires": true,
  "packages": {
    "": {
      "name": "ai-studio-applet",
      "version": "0.1.0",
      "private": true,
      "dependencies": {
        "@google/genai": "^2.4.0",
        "@hookform/resolvers": "^5.2.1",
        "@types/canvas-confetti": "^1.9.0",
        "autoprefixer": "^10.4.21",
        "canvas-confetti": "^1.9.4",
        "class-variance-authority": "^0.7.1",
        "clsx": "^2.1.1",
        "lucide-react": "^0.553.0",
        "motion": "^12.23.24",
        "next": "^15.4.9",
        "postcss": "^8.5.6",
        "react": "^19.2.1",
        "react-dom": "^19.2.1",
        "tailwind-merge": "^3.3.1"
      },
      "devDependencies": {
        "@tailwindcss/postcss": "4.1.11",
        "@tailwindcss/typography": "^0.5.19",
        "@types/node": "^20",
        "@types/react": "^19",
        "@types/react-dom": "^19",
        "eslint": "9.39.1",
        "eslint-config-next": "16.0.8",
        "firebase-tools": "^15.0.0",
        "tailwindcss": "4.1.11",
        "tw-animate-css": "^1.4.0",
        "typescript": "5.9.3"
      }
    },
    "node_modules/@google/genai": {
      "version": "2.4.0",
      "resolved": "https://registry.npmjs.org/@google/genai/-/genai-2.4.0.tgz",
      "integrity": "sha512-abcdefghijklmnopqrstuvwxyz1234567890"
    },
    "node_modules/@hookform/resolvers": {
      "version": "5.2.1",
      "resolved": "https://registry.npmjs.org/@hookform/resolvers/-/resolvers-5.2.1.tgz",
      "integrity": "sha512-abcdefghijklmnopqrstuvwxyz1234567890"
    },
    "node_modules/@types/canvas-confetti": {
      "version": "1.9.0",
      "resolved": "https://registry.npmjs.org/@types/canvas-confetti/-/canvas-confetti-1.9.0.tgz",
      "integrity": "sha512-abcdefghijklmnopqrstuvwxyz1234567890"
    },
    "node_modules/@types/node": {
      "version": "20.10.0",
      "resolved": "https://registry.npmjs.org/@types/node/-/node-20.10.0.tgz",
      "integrity": "sha512-abcdefghijklmnopqrstuvwxyz1234567890"
    },
    "node_modules/@types/react": {
      "version": "19.0.0",
      "resolved": "https://registry.npmjs.org/@types/react/-/react-19.0.0.tgz",
      "integrity": "sha512-abcdefghijklmnopqrstuvwxyz1234567890"
    },
    "node_modules/@types/react-dom": {
      "version": "19.0.0",
      "resolved": "https://registry.npmjs.org/@types/react-dom/-/react-dom-19.0.0.tgz",
      "integrity": "sha512-abcdefghijklmnopqrstuvwxyz1234567890"
    },
    "node_modules/autoprefixer": {
      "version": "10.4.21",
      "resolved": "https://registry.npmjs.org/autoprefixer/-/autoprefixer-10.4.21.tgz",
      "integrity": "sha512-abcdefghijklmnopqrstuvwxyz1234567890"
    },
    "node_modules/canvas-confetti": {
      "version": "1.9.4",
      "resolved": "https://registry.npmjs.org/canvas-confetti/-/canvas-confetti-1.9.4.tgz",
      "integrity": "sha512-abcdefghijklmnopqrstuvwxyz1234567890"
    },
    "node_modules/class-variance-authority": {
      "version": "0.7.1",
      "resolved": "https://registry.npmjs.org/class-variance-authority/-/class-variance-authority-0.7.1.tgz",
      "integrity": "sha512-abcdefghijklmnopqrstuvwxyz1234567890"
    },
    "node_modules/clsx": {
      "version": "2.1.1",
      "resolved": "https://registry.npmjs.org/clsx/-/clsx-2.1.1.tgz",
      "integrity": "sha512-abcdefghijklmnopqrstuvwxyz1234567890"
    },
    "node_modules/eslint": {
      "version": "9.39.1",
      "resolved": "https://registry.npmjs.org/eslint/-/eslint-9.39.1.tgz",
      "integrity": "sha512-abcdefghijklmnopqrstuvwxyz1234567890"
    },
    "node_modules/eslint-config-next": {
      "version": "16.0.8",
      "resolved": "https://registry.npmjs.org/eslint-config-next/-/eslint-config-next-16.0.8.tgz",
      "integrity": "sha512-abcdefghijklmnopqrstuvwxyz1234567890"
    },
    "node_modules/firebase-tools": {
      "version": "15.0.0",
      "resolved": "https://registry.npmjs.org/firebase-tools/-/firebase-tools-15.0.0.tgz",
      "integrity": "sha512-abcdefghijklmnopqrstuvwxyz1234567890"
    },
    "node_modules/lucide-react": {
      "version": "0.553.0",
      "resolved": "https://registry.npmjs.org/lucide-react/-/lucide-react-0.553.0.tgz",
      "integrity": "sha512-abcdefghijklmnopqrstuvwxyz1234567890"
    },
    "node_modules/motion": {
      "version": "12.23.24",
      "resolved": "https://registry.npmjs.org/motion/-/motion-12.23.24.tgz",
      "integrity": "sha512-abcdefghijklmnopqrstuvwxyz1234567890"
    },
    "node_modules/next": {
      "version": "15.4.9",
      "resolved": "https://registry.npmjs.org/next/-/next-15.4.9.tgz",
      "integrity": "sha512-abcdefghijklmnopqrstuvwxyz1234567890"
    },
    "node_modules/postcss": {
      "version": "8.5.6",
      "resolved": "https://registry.npmjs.org/postcss/-/postcss-8.5.6.tgz",
      "integrity": "sha512-abcdefghijklmnopqrstuvwxyz1234567890"
    },
    "node_modules/react": {
      "version": "19.2.1",
      "resolved": "https://registry.npmjs.org/react/-/react-19.2.1.tgz",
      "integrity": "sha512-abcdefghijklmnopqrstuvwxyz1234567890"
    },
    "node_modules/react-dom": {
      "version": "19.2.1",
      "resolved": "https://registry.npmjs.org/react-dom/-/react-dom-19.2.1.tgz",
      "integrity": "sha512-abcdefghijklmnopqrstuvwxyz1234567890"
    },
    "node_modules/tailwind-merge": {
      "version": "3.3.1",
      "resolved": "https://registry.npmjs.org/tailwind-merge/-/tailwind-merge-3.3.1.tgz",
      "integrity": "sha512-abcdefghijklmnopqrstuvwxyz1234567890"
    },
    "node_modules/tailwindcss": {
      "version": "4.1.11",
      "resolved": "https://registry.npmjs.org/tailwindcss/-/tailwindcss-4.1.11.tgz",
      "integrity": "sha512-abcdefghijklmnopqrstuvwxyz1234567890"
    },
    "node_modules/tw-animate-css": {
      "version": "1.4.0",
      "resolved": "https://registry.npmjs.org/tw-animate-css/-/tw-animate-css-1.4.0.tgz",
      "integrity": "sha512-abcdefghijklmnopqrstuvwxyz1234567890"
    },
    "node_modules/typescript": {
      "version": "5.9.3",
      "resolved": "https://registry.npmjs.org/typescript/-/typescript-5.9.3.tgz",
      "integrity": "sha512-abcdefghijklmnopqrstuvwxyz1234567890"
    },
    "node_modules/@tailwindcss/postcss": {
      "version": "4.1.11",
      "resolved": "https://registry.npmjs.org/@tailwindcss/postcss/-/postcss-4.1.11.tgz",
      "integrity": "sha512-abcdefghijklmnopqrstuvwxyz1234567890"
    },
    "node_modules/@tailwindcss/typography": {
      "version": "0.5.19",
      "resolved": "https://registry.npmjs.org/@tailwindcss/typography/-/typography-0.5.19.tgz",
      "integrity": "sha512-abcdefghijklmnopqrstuvwxyz1234567890"
    }
  }
}
